// !$*UTF8*$!
{
	archiveVersion = 1;
	classes = {
	};
	objectVersion = 50;
	objects = {

/* Begin PBXBuildFile section */
		EF6A5246279D3FFF00126CA0 /* AppDelegate.swift in Sources */ = {isa = PBXBuildFile; fileRef = EF6A5245279D3FFF00126CA0 /* AppDelegate.swift */; };
		EF6A5248279D3FFF00126CA0 /* SceneDelegate.swift in Sources */ = {isa = PBXBuildFile; fileRef = EF6A5247279D3FFF00126CA0 /* SceneDelegate.swift */; };
		EF6A524A279D3FFF00126CA0 /* ViewController.swift in Sources */ = {isa = PBXBuildFile; fileRef = EF6A5249279D3FFF00126CA0 /* ViewController.swift */; };
		EF6A524D279D3FFF00126CA0 /* Main.storyboard in Resources */ = {isa = PBXBuildFile; fileRef = EF6A524B279D3FFF00126CA0 /* Main.storyboard */; };
		EF6A5250279D3FFF00126CA0 /* Collection_Of_Contacts.xcdatamodeld in Sources */ = {isa = PBXBuildFile; fileRef = EF6A524E279D3FFF00126CA0 /* Collection_Of_Contacts.xcdatamodeld */; };
		EF6A5252279D400200126CA0 /* Assets.xcassets in Resources */ = {isa = PBXBuildFile; fileRef = EF6A5251279D400200126CA0 /* Assets.xcassets */; };
		EF6A5255279D400200126CA0 /* LaunchScreen.storyboard in Resources */ = {isa = PBXBuildFile; fileRef = EF6A5253279D400200126CA0 /* LaunchScreen.storyboard */; };
		EF6A525E279D40C500126CA0 /* DBManager.swift in Sources */ = {isa = PBXBuildFile; fileRef = EF6A525D279D40C500126CA0 /* DBManager.swift */; };
		EF6A5261279D433800126CA0 /* Contact+CoreDataClass.swift in Sources */ = {isa = PBXBuildFile; fileRef = EF6A525F279D433800126CA0 /* Contact+CoreDataClass.swift */; };
		EF6A5262279D433800126CA0 /* Contact+CoreDataProperties.swift in Sources */ = {isa = PBXBuildFile; fileRef = EF6A5260279D433800126CA0 /* Contact+CoreDataProperties.swift */; };
		EF6A5267279D46AE00126CA0 /* ContactCell.swift in Sources */ = {isa = PBXBuildFile; fileRef = EF6A5265279D46AE00126CA0 /* ContactCell.swift */; };
		EF6A5268279D46AE00126CA0 /* ContactCell.xib in Resources */ = {isa = PBXBuildFile; fileRef = EF6A5266279D46AE00126CA0 /* ContactCell.xib */; };
/* End PBXBuildFile section */

/* Begin PBXFileReference section */
		EF6A5242279D3FFF00126CA0 /* Collection Of Contacts.app */ = {isa = PBXFileReference; explicitFileType = wrapper.application; includeInIndex = 0; path = "Collection Of Contacts.app"; sourceTree = BUILT_PRODUCTS_DIR; };
		EF6A5245279D3FFF00126CA0 /* AppDelegate.swift */ = {isa = PBXFileReference; lastKnownFileType = sourcecode.swift; path = AppDelegate.swift; sourceTree = "<group>"; };
		EF6A5247279D3FFF00126CA0 /* SceneDelegate.swift */ = {isa = PBXFileReference; lastKnownFileType = sourcecode.swift; path = SceneDelegate.swift; sourceTree = "<group>"; };
		EF6A5249279D3FFF00126CA0 /* ViewController.swift */ = {isa = PBXFileReference; lastKnownFileType = sourcecode.swift; path = ViewController.swift; sourceTree = "<group>"; };
		EF6A524C279D3FFF00126CA0 /* Base */ = {isa = PBXFileReference; lastKnownFileType = file.storyboard; name = Base; path = Base.lproj/Main.storyboard; sourceTree = "<group>"; };
		EF6A524F279D3FFF00126CA0 /* Collection_Of_Contacts.xcdatamodel */ = {isa = PBXFileReference; lastKnownFileType = wrapper.xcdatamodel; path = Collection_Of_Contacts.xcdatamodel; sourceTree = "<group>"; };
		EF6A5251279D400200126CA0 /* Assets.xcassets */ = {isa = PBXFileReference; lastKnownFileType = folder.assetcatalog; path = Assets.xcassets; sourceTree = "<group>"; };
		EF6A5254279D400200126CA0 /* Base */ = {isa = PBXFileReference; lastKnownFileType = file.storyboard; name = Base; path = Base.lproj/LaunchScreen.storyboard; sourceTree = "<group>"; };
		EF6A5256279D400200126CA0 /* Info.plist */ = {isa = PBXFileReference; lastKnownFileType = text.plist.xml; path = Info.plist; sourceTree = "<group>"; };
		EF6A525D279D40C500126CA0 /* DBManager.swift */ = {isa = PBXFileReference; lastKnownFileType = sourcecode.swift; path = DBManager.swift; sourceTree = "<group>"; };
		EF6A525F279D433800126CA0 /* Contact+CoreDataClass.swift */ = {isa = PBXFileReference; lastKnownFileType = sourcecode.swift; path = "Contact+CoreDataClass.swift"; sourceTree = "<group>"; };
		EF6A5260279D433800126CA0 /* Contact+CoreDataProperties.swift */ = {isa = PBXFileReference; lastKnownFileType = sourcecode.swift; path = "Contact+CoreDataProperties.swift"; sourceTree = "<group>"; };
		EF6A5265279D46AE00126CA0 /* ContactCell.swift */ = {isa = PBXFileReference; lastKnownFileType = sourcecode.swift; path = ContactCell.swift; sourceTree = "<group>"; };
		EF6A5266279D46AE00126CA0 /* ContactCell.xib */ = {isa = PBXFileReference; lastKnownFileType = file.xib; path = ContactCell.xib; sourceTree = "<group>"; };
/* End PBXFileReference section */

/* Begin PBXFrameworksBuildPhase section */
		EF6A523F279D3FFF00126CA0 /* Frameworks */ = {
			isa = PBXFrameworksBuildPhase;
			buildActionMask = 2147483647;
			files = (
			);
			runOnlyForDeploymentPostprocessing = 0;
		};
/* End PBXFrameworksBuildPhase section */

/* Begin PBXGroup section */
		EF6A5239279D3FFF00126CA0 = {
			isa = PBXGroup;
			children = (
				EF6A5244279D3FFF00126CA0 /* Collection Of Contacts */,
				EF6A5243279D3FFF00126CA0 /* Products */,
			);
			sourceTree = "<group>";
		};
		EF6A5243279D3FFF00126CA0 /* Products */ = {
			isa = PBXGroup;
			children = (
				EF6A5242279D3FFF00126CA0 /* Collection Of Contacts.app */,
			);
			name = Products;
			sourceTree = "<group>";
		};
		EF6A5244279D3FFF00126CA0 /* Collection Of Contacts */ = {
			isa = PBXGroup;
			children = (
				EF6A5264279D464D00126CA0 /* Cells */,
				EF6A525C279D40AC00126CA0 /* Database */,
				EF6A5245279D3FFF00126CA0 /* AppDelegate.swift */,
				EF6A5247279D3FFF00126CA0 /* SceneDelegate.swift */,
				EF6A5249279D3FFF00126CA0 /* ViewController.swift */,
				EF6A524B279D3FFF00126CA0 /* Main.storyboard */,
				EF6A5251279D400200126CA0 /* Assets.xcassets */,
				EF6A5253279D400200126CA0 /* LaunchScreen.storyboard */,
				EF6A5256279D400200126CA0 /* Info.plist */,
				EF6A524E279D3FFF00126CA0 /* Collection_Of_Contacts.xcdatamodeld */,
			);
			path = "Collection Of Contacts";
			sourceTree = "<group>";
		};
		EF6A525C279D40AC00126CA0 /* Database */ = {
			isa = PBXGroup;
			children = (
				EF6A5263279D43A000126CA0 /* Entities */,
				EF6A525D279D40C500126CA0 /* DBManager.swift */,
			);
			path = Database;
			sourceTree = "<group>";
		};
		EF6A5263279D43A000126CA0 /* Entities */ = {
			isa = PBXGroup;
			children = (
				EF6A525F279D433800126CA0 /* Contact+CoreDataClass.swift */,
				EF6A5260279D433800126CA0 /* Contact+CoreDataProperties.swift */,
			);
			path = Entities;
			sourceTree = "<group>";
		};
		EF6A5264279D464D00126CA0 /* Cells */ = {
			isa = PBXGroup;
			children = (
				EF6A5265279D46AE00126CA0 /* ContactCell.swift */,
				EF6A5266279D46AE00126CA0 /* ContactCell.xib */,
			);
			path = Cells;
			sourceTree = "<group>";
		};
/* End PBXGroup section */

/* Begin PBXNativeTarget section */
		EF6A5241279D3FFF00126CA0 /* Collection Of Contacts */ = {
			isa = PBXNativeTarget;
			buildConfigurationList = EF6A5259279D400200126CA0 /* Build configuration list for PBXNativeTarget "Collection Of Contacts" */;
			buildPhases = (
				EF6A523E279D3FFF00126CA0 /* Sources */,
				EF6A523F279D3FFF00126CA0 /* Frameworks */,
				EF6A5240279D3FFF00126CA0 /* Resources */,
			);
			buildRules = (
			);
			dependencies = (
			);
			name = "Collection Of Contacts";
			productName = "Collection Of Contacts";
			productReference = EF6A5242279D3FFF00126CA0 /* Collection Of Contacts.app */;
			productType = "com.apple.product-type.application";
		};
/* End PBXNativeTarget section */

/* Begin PBXProject section */
		EF6A523A279D3FFF00126CA0 /* Project object */ = {
			isa = PBXProject;
			attributes = {
				LastSwiftUpdateCheck = 1250;
				LastUpgradeCheck = 1250;
				TargetAttributes = {
					EF6A5241279D3FFF00126CA0 = {
						CreatedOnToolsVersion = 12.5.1;
					};
				};
			};
			buildConfigurationList = EF6A523D279D3FFF00126CA0 /* Build configuration list for PBXProject "Collection Of Contacts" */;
			compatibilityVersion = "Xcode 9.3";
			developmentRegion = en;
			hasScannedForEncodings = 0;
			knownRegions = (
				en,
				Base,
			);
			mainGroup = EF6A5239279D3FFF00126CA0;
			productRefGroup = EF6A5243279D3FFF00126CA0 /* Products */;
			projectDirPath = "";
			projectRoot = "";
			targets = (
				EF6A5241279D3FFF00126CA0 /* Collection Of Contacts */,
			);
		};
/* End PBXProject section */

/* Begin PBXResourcesBuildPhase section */
		EF6A5240279D3FFF00126CA0 /* Resources */ = {
			isa = PBXResourcesBuildPhase;
			buildActionMask = 2147483647;
			files = (
				EF6A5268279D46AE00126CA0 /* ContactCell.xib in Resources */,
				EF6A5255279D400200126CA0 /* LaunchScreen.storyboard in Resources */,
				EF6A5252279D400200126CA0 /* Assets.xcassets in Resources */,
				EF6A524D279D3FFF00126CA0 /* Main.storyboard in Resources */,
			);
			runOnlyForDeploymentPostprocessing = 0;
		};
/* End PBXResourcesBuildPhase section */

/* Begin PBXSourcesBuildPhase section */
		EF6A523E279D3FFF00126CA0 /* Sources */ = {
			isa = PBXSourcesBuildPhase;
			buildActionMask = 2147483647;
			files = (
				EF6A5267279D46AE00126CA0 /* ContactCell.swift in Sources */,
				EF6A525E279D40C500126CA0 /* DBManager.swift in Sources */,
				EF6A524A279D3FFF00126CA0 /* ViewController.swift in Sources */,
				EF6A5262279D433800126CA0 /* Contact+CoreDataProperties.swift in Sources */,
				EF6A5250279D3FFF00126CA0 /* Collection_Of_Contacts.xcdatamodeld in Sources */,
				EF6A5246279D3FFF00126CA0 /* AppDelegate.swift in Sources */,
				EF6A5261279D433800126CA0 /* Contact+CoreDataClass.swift in Sources */,
				EF6A5248279D3FFF00126CA0 /* SceneDelegate.swift in Sources */,
			);
			runOnlyForDeploymentPostprocessing = 0;
		};
/* End PBXSourcesBuildPhase section */

/* Begin PBXVariantGroup section */
		EF6A524B279D3FFF00126CA0 /* Main.storyboard */ = {
			isa = PBXVariantGroup;
			children = (
				EF6A524C279D3FFF00126CA0 /* Base */,
			);
			name = Main.storyboard;
			sourceTree = "<group>";
		};
		EF6A5253279D400200126CA0 /* LaunchScreen.storyboard */ = {
			isa = PBXVariantGroup;
			children = (
				EF6A5254279D400200126CA0 /* Base */,
			);
			name = LaunchScreen.storyboard;
			sourceTree = "<group>";
		};
/* End PBXVariantGroup section */

/* Begin XCBuildConfiguration section */
		EF6A5257279D400200126CA0 /* Debug */ = {
			isa = XCBuildConfiguration;
			buildSettings = {
				ALWAYS_SEARCH_USER_PATHS = NO;
				CLANG_ANALYZER_NONNULL = YES;
				CLANG_ANALYZER_NUMBER_OBJECT_CONVERSION = YES_AGGRESSIVE;
				CLANG_CXX_LANGUAGE_STANDARD = "gnu++14";
				CLANG_CXX_LIBRARY = "libc++";
				CLANG_ENABLE_MODULES = YES;
				CLANG_ENABLE_OBJC_ARC = YES;
				CLANG_ENABLE_OBJC_WEAK = YES;
				CLANG_WARN_BLOCK_CAPTURE_AUTORELEASING = YES;
				CLANG_WARN_BOOL_CONVERSION = YES;
				CLANG_WARN_COMMA = YES;
				CLANG_WARN_CONSTANT_CONVERSION = YES;
				CLANG_WARN_DEPRECATED_OBJC_IMPLEMENTATIONS = YES;
				CLANG_WARN_DIRECT_OBJC_ISA_USAGE = YES_ERROR;
				CLANG_WARN_DOCUMENTATION_COMMENTS = YES;
				CLANG_WARN_EMPTY_BODY = YES;
				CLANG_WARN_ENUM_CONVERSION = YES;
				CLANG_WARN_INFINITE_RECURSION = YES;
				CLANG_WARN_INT_CONVERSION = YES;
				CLANG_WARN_NON_LITERAL_NULL_CONVERSION = YES;
				CLANG_WARN_OBJC_IMPLICIT_RETAIN_SELF = YES;
				CLANG_WARN_OBJC_LITERAL_CONVERSION = YES;
				CLANG_WARN_OBJC_ROOT_CLASS = YES_ERROR;
				CLANG_WARN_QUOTED_INCLUDE_IN_FRAMEWORK_HEADER = YES;
				CLANG_WARN_RANGE_LOOP_ANALYSIS = YES;
				CLANG_WARN_STRICT_PROTOTYPES = YES;
				CLANG_WARN_SUSPICIOUS_MOVE = YES;
				CLANG_WARN_UNGUARDED_AVAILABILITY = YES_AGGRESSIVE;
				CLANG_WARN_UNREACHABLE_CODE = YES;
				CLANG_WARN__DUPLICATE_METHOD_MATCH = YES;
				COPY_PHASE_STRIP = NO;
				DEBUG_INFORMATION_FORMAT = dwarf;
				ENABLE_STRICT_OBJC_MSGSEND = YES;
				ENABLE_TESTABILITY = YES;
				GCC_C_LANGUAGE_STANDARD = gnu11;
				GCC_DYNAMIC_NO_PIC = NO;
				GCC_NO_COMMON_BLOCKS = YES;
				GCC_OPTIMIZATION_LEVEL = 0;
				GCC_PREPROCESSOR_DEFINITIONS = (
					"DEBUG=1",
					"$(inherited)",
				);
				GCC_WARN_64_TO_32_BIT_CONVERSION = YES;
				GCC_WARN_ABOUT_RETURN_TYPE = YES_ERROR;
				GCC_WARN_UNDECLARED_SELECTOR = YES;
				GCC_WARN_UNINITIALIZED_AUTOS = YES_AGGRESSIVE;
				GCC_WARN_UNUSED_FUNCTION = YES;
				GCC_WARN_UNUSED_VARIABLE = YES;
				IPHONEOS_DEPLOYMENT_TARGET = 14.5;
				MTL_ENABLE_DEBUG_INFO = INCLUDE_SOURCE;
				MTL_FAST_MATH = YES;
				ONLY_ACTIVE_ARCH = YES;
				SDKROOT = iphoneos;
				SWIFT_ACTIVE_COMPILATION_CONDITIONS = DEBUG;
				SWIFT_OPTIMIZATION_LEVEL = "-Onone";
			};
			name = Debug;
		};
		EF6A5258279D400200126CA0 /* Release */ = {
			isa = XCBuildConfiguration;
			buildSettings = {
				ALWAYS_SEARCH_USER_PATHS = NO;
				CLANG_ANALYZER_NONNULL = YES;
				CLANG_ANALYZER_NUMBER_OBJECT_CONVERSION = YES_AGGRESSIVE;
				CLANG_CXX_LANGUAGE_STANDARD = "gnu++14";
				CLANG_CXX_LIBRARY = "libc++";
				CLANG_ENABLE_MODULES = YES;
				CLANG_ENABLE_OBJC_ARC = YES;
				CLANG_ENABLE_OBJC_WEAK = YES;
				CLANG_WARN_BLOCK_CAPTURE_AUTORELEASING = YES;
				CLANG_WARN_BOOL_CONVERSION = YES;
				CLANG_WARN_COMMA = YES;
				CLANG_WARN_CONSTANT_CONVERSION = YES;
				CLANG_WARN_DEPRECATED_OBJC_IMPLEMENTATIONS = YES;
				CLANG_WARN_DIRECT_OBJC_ISA_USAGE = YES_ERROR;
				CLANG_WARN_DOCUMENTATION_COMMENTS = YES;
				CLANG_WARN_EMPTY_BODY = YES;
				CLANG_WARN_ENUM_CONVERSION = YES;
				CLANG_WARN_INFINITE_RECURSION = YES;
				CLANG_WARN_INT_CONVERSION = YES;
				CLANG_WARN_NON_LITERAL_NULL_CONVERSION = YES;
				CLANG_WARN_OBJC_IMPLICIT_RETAIN_SELF = YES;
				CLANG_WARN_OBJC_LITERAL_CONVERSION = YES;
				CLANG_WARN_OBJC_ROOT_CLASS = YES_ERROR;
				CLANG_WARN_QUOTED_INCLUDE_IN_FRAMEWORK_HEADER = YES;
				CLANG_WARN_RANGE_LOOP_ANALYSIS = YES;
				CLANG_WARN_STRICT_PROTOTYPES = YES;
				CLANG_WARN_SUSPICIOUS_MOVE = YES;
				CLANG_WARN_UNGUARDED_AVAILABILITY = YES_AGGRESSIVE;
				CLANG_WARN_UNREACHABLE_CODE = YES;
				CLANG_WARN__DUPLICATE_METHOD_MATCH = YES;
				COPY_PHASE_STRIP = NO;
				DEBUG_INFORMATION_FORMAT = "dwarf-with-dsym";
				ENABLE_NS_ASSERTIONS = NO;
				ENABLE_STRICT_OBJC_MSGSEND = YES;
				GCC_C_LANGUAGE_STANDARD = gnu11;
				GCC_NO_COMMON_BLOCKS = YES;
				GCC_WARN_64_TO_32_BIT_CONVERSION = YES;
				GCC_WARN_ABOUT_RETURN_TYPE = YES_ERROR;
				GCC_WARN_UNDECLARED_SELECTOR = YES;
				GCC_WARN_UNINITIALIZED_AUTOS = YES_AGGRESSIVE;
				GCC_WARN_UNUSED_FUNCTION = YES;
				GCC_WARN_UNUSED_VARIABLE = YES;
				IPHONEOS_DEPLOYMENT_TARGET = 14.5;
				MTL_ENABLE_DEBUG_INFO = NO;
				MTL_FAST_MATH = YES;
				SDKROOT = iphoneos;
				SWIFT_COMPILATION_MODE = wholemodule;
				SWIFT_OPTIMIZATION_LEVEL = "-O";
				VALIDATE_PRODUCT = YES;
			};
			name = Release;
		};
		EF6A525A279D400200126CA0 /* Debug */ = {
			isa = XCBuildConfiguration;
			buildSettings = {
				ASSETCATALOG_COMPILER_APPICON_NAME = AppIcon;
				ASSETCATALOG_COMPILER_GLOBAL_ACCENT_COLOR_NAME = AccentColor;
				CODE_SIGN_STYLE = Automatic;
				INFOPLIST_FILE = "Collection Of Contacts/Info.plist";
				LD_RUNPATH_SEARCH_PATHS = (
					"$(inherited)",
					"@executable_path/Frameworks",
				);
				PRODUCT_BUNDLE_IDENTIFIER = "Tsotne.Collection-Of-Contacts";
				PRODUCT_NAME = "$(TARGET_NAME)";
				SWIFT_VERSION = 5.0;
				TARGETED_DEVICE_FAMILY = "1,2";
			};
			name = Debug;
		};
		EF6A525B279D400200126CA0 /* Release */ = {
			isa = XCBuildConfiguration;
			buildSettings = {
				ASSETCATALOG_COMPILER_APPICON_NAME = AppIcon;
				ASSETCATALOG_COMPILER_GLOBAL_ACCENT_COLOR_NAME = AccentColor;
				CODE_SIGN_STYLE = Automatic;
				INFOPLIST_FILE = "Collection Of Contacts/Info.plist";
				LD_RUNPATH_SEARCH_PATHS = (
					"$(inherited)",
					"@executable_path/Frameworks",
				);
				PRODUCT_BUNDLE_IDENTIFIER = "Tsotne.Collection-Of-Contacts";
				PRODUCT_NAME = "$(TARGET_NAME)";
				SWIFT_VERSION = 5.0;
				TARGETED_DEVICE_FAMILY = "1,2";
			};
			name = Release;
		};
/* End XCBuildConfiguration section */

/* Begin XCConfigurationList section */
		EF6A523D279D3FFF00126CA0 /* Build configuration list for PBXProject "Collection Of Contacts" */ = {
			isa = XCConfigurationList;
			buildConfigurations = (
				EF6A5257279D400200126CA0 /* Debug */,
				EF6A5258279D400200126CA0 /* Release */,
			);
			defaultConfigurationIsVisible = 0;
			defaultConfigurationName = Release;
		};
		EF6A5259279D400200126CA0 /* Build configuration list for PBXNativeTarget "Collection Of Contacts" */ = {
			isa = XCConfigurationList;
			buildConfigurations = (
				EF6A525A279D400200126CA0 /* Debug */,
				EF6A525B279D400200126CA0 /* Release */,
			);
			defaultConfigurationIsVisible = 0;
			defaultConfigurationName = Release;
		};
/* End XCConfigurationList section */

/* Begin XCVersionGroup section */
		EF6A524E279D3FFF00126CA0 /* Collection_Of_Contacts.xcdatamodeld */ = {
			isa = XCVersionGroup;
			children = (
				EF6A524F279D3FFF00126CA0 /* Collection_Of_Contacts.xcdatamodel */,
			);
			currentVersion = EF6A524F279D3FFF00126CA0 /* Collection_Of_Contacts.xcdatamodel */;
			path = Collection_Of_Contacts.xcdatamodeld;
			sourceTree = "<group>";
			versionGroupType = wrapper.xcdatamodel;
		};
/* End XCVersionGroup section */
	};
	rootObject = EF6A523A279D3FFF00126CA0 /* Project object */;
}
